
Microsoft Visual Studio Solution File, Format Version 12.00
# Visual Studio Version 16
VisualStudioVersion = 16.0.31729.503
MinimumVisualStudioVersion = 10.0.40219.1
Project("{8BC9CEB8-8B4A-11D0-8D11-00A0C91BC942}") = "TestManager", "TestManager\TestManager.vcxproj", "{B14A7F4F-60FD-41FA-B432-7913563DCDAA}"
EndProject
Project("{8BC9CEB8-8B4A-11D0-8D11-00A0C91BC942}") = "TestPerformer", "TestPerformer\TestPerformer.vcxproj", "{3B4F9167-B8AD-4B6D-B0A2-BB0E13444513}"
EndProject
Project("{2150E333-8FDC-42A3-9474-1A3956D46DE8}") = "Utils", "Utils", "{08C0CC95-0D14-472C-8762-C765425E488B}"
EndProject
Project("{8BC9CEB8-8B4A-11D0-8D11-00A0C91BC942}") = "Logger", "Utils\Logger\Logger.vcxproj", "{CB08ACC4-A69B-4762-A2A7-748798D96FC7}"
EndProject
Project("{8BC9CEB8-8B4A-11D0-8D11-00A0C91BC942}") = "CommLibWrapper", "Utils\CommLibWrapper\CommLibWrapper.vcxproj", "{15EE7EF3-31F3-41A0-8495-091E4941A90A}"
EndProject
Project("{8BC9CEB8-8B4A-11D0-8D11-00A0C91BC942}") = "Cpp11-BlockingQueue", "Utils\Cpp11-BlockingQueue\Cpp11-BlockingQueue.vcxproj", "{8927D29F-ACE7-4C46-A13A-B3E9AF2B9194}"
EndProject
Project("{8BC9CEB8-8B4A-11D0-8D11-00A0C91BC942}") = "DateTime", "Utils\DateTime\DateTime.vcxproj", "{E073FCC9-5CC1-4C69-8968-DA137A36F503}"
EndProject
Project("{8BC9CEB8-8B4A-11D0-8D11-00A0C91BC942}") = "FileSystem", "Utils\FileSystem\FileSystem.vcxproj", "{A14FAB21-442E-4837-85F2-7EAA0A4D8B94}"
EndProject
Project("{8BC9CEB8-8B4A-11D0-8D11-00A0C91BC942}") = "Loader", "Utils\Loader\Loader.vcxproj", "{1F9FBFD5-87FA-4038-9661-8F1AEC092D05}"
EndProject
Project("{8BC9CEB8-8B4A-11D0-8D11-00A0C91BC942}") = "Message", "Utils\Message\Message.vcxproj", "{69F51C46-1D1D-40CB-A53E-D79E74EE86FB}"
EndProject
Project("{8BC9CEB8-8B4A-11D0-8D11-00A0C91BC942}") = "Sockets", "Utils\Sockets\Sockets.vcxproj", "{B789EB94-769E-42CE-A917-C4029E51DB3C}"
EndProject
Project("{8BC9CEB8-8B4A-11D0-8D11-00A0C91BC942}") = "MsgPassingComm", "Utils\MsgPassingComm\MsgPassingComm.vcxproj", "{5EC6FC1C-AAE9-468F-BDAF-78FE49AF332D}"
EndProject
Project("{8BC9CEB8-8B4A-11D0-8D11-00A0C91BC942}") = "TestRequest", "Utils\TestRequest\TestRequest.vcxproj", "{013A32A5-894D-4210-8F20-02E9815A1767}"
EndProject
Project("{8BC9CEB8-8B4A-11D0-8D11-00A0C91BC942}") = "Utilities", "Utils\Utilities\Utilities.vcxproj", "{D0B03513-84C9-4BD2-90B8-8AD84FEDF1C0}"
EndProject
Project("{8BC9CEB8-8B4A-11D0-8D11-00A0C91BC942}") = "XmlReader", "Utils\XmlReader\XmlReader.vcxproj", "{020A65F3-FAEF-427E-B91C-E6B22B4D07BE}"
EndProject
Project("{8BC9CEB8-8B4A-11D0-8D11-00A0C91BC942}") = "TestWorker", "TestWorker\TestWorker.vcxproj", "{B11A890A-DC8B-4533-AA4A-ED6D4B5279F5}"
EndProject
Global
	GlobalSection(SolutionConfigurationPlatforms) = preSolution
		Debug|x64 = Debug|x64
		Debug|x86 = Debug|x86
		Release|x64 = Release|x64
		Release|x86 = Release|x86
	EndGlobalSection
	GlobalSection(ProjectConfigurationPlatforms) = postSolution
		{B14A7F4F-60FD-41FA-B432-7913563DCDAA}.Debug|x64.ActiveCfg = Debug|x64
		{B14A7F4F-60FD-41FA-B432-7913563DCDAA}.Debug|x64.Build.0 = Debug|x64
		{B14A7F4F-60FD-41FA-B432-7913563DCDAA}.Debug|x86.ActiveCfg = Debug|Win32
		{B14A7F4F-60FD-41FA-B432-7913563DCDAA}.Debug|x86.Build.0 = Debug|Win32
		{B14A7F4F-60FD-41FA-B432-7913563DCDAA}.Release|x64.ActiveCfg = Release|x64
		{B14A7F4F-60FD-41FA-B432-7913563DCDAA}.Release|x64.Build.0 = Release|x64
		{B14A7F4F-60FD-41FA-B432-7913563DCDAA}.Release|x86.ActiveCfg = Release|Win32
		{B14A7F4F-60FD-41FA-B432-7913563DCDAA}.Release|x86.Build.0 = Release|Win32
		{3B4F9167-B8AD-4B6D-B0A2-BB0E13444513}.Debug|x64.ActiveCfg = Debug|x64
		{3B4F9167-B8AD-4B6D-B0A2-BB0E13444513}.Debug|x64.Build.0 = Debug|x64
		{3B4F9167-B8AD-4B6D-B0A2-BB0E13444513}.Debug|x86.ActiveCfg = Debug|Win32
		{3B4F9167-B8AD-4B6D-B0A2-BB0E13444513}.Debug|x86.Build.0 = Debug|Win32
		{3B4F9167-B8AD-4B6D-B0A2-BB0E13444513}.Release|x64.ActiveCfg = Release|x64
		{3B4F9167-B8AD-4B6D-B0A2-BB0E13444513}.Release|x64.Build.0 = Release|x64
		{3B4F9167-B8AD-4B6D-B0A2-BB0E13444513}.Release|x86.ActiveCfg = Release|Win32
		{3B4F9167-B8AD-4B6D-B0A2-BB0E13444513}.Release|x86.Build.0 = Release|Win32
		{CB08ACC4-A69B-4762-A2A7-748798D96FC7}.Debug|x64.ActiveCfg = Debug|x64
		{CB08ACC4-A69B-4762-A2A7-748798D96FC7}.Debug|x64.Build.0 = Debug|x64
		{CB08ACC4-A69B-4762-A2A7-748798D96FC7}.Debug|x86.ActiveCfg = Debug|Win32
		{CB08ACC4-A69B-4762-A2A7-748798D96FC7}.Debug|x86.Build.0 = Debug|Win32
		{CB08ACC4-A69B-4762-A2A7-748798D96FC7}.Release|x64.ActiveCfg = Release|x64
		{CB08ACC4-A69B-4762-A2A7-748798D96FC7}.Release|x64.Build.0 = Release|x64
		{CB08ACC4-A69B-4762-A2A7-748798D96FC7}.Release|x86.ActiveCfg = Release|Win32
		{CB08ACC4-A69B-4762-A2A7-748798D96FC7}.Release|x86.Build.0 = Release|Win32
		{15EE7EF3-31F3-41A0-8495-091E4941A90A}.Debug|x64.ActiveCfg = Debug|x64
		{15EE7EF3-31F3-41A0-8495-091E4941A90A}.Debug|x64.Build.0 = Debug|x64
		{15EE7EF3-31F3-41A0-8495-091E4941A90A}.Debug|x86.ActiveCfg = Debug|Win32
		{15EE7EF3-31F3-41A0-8495-091E4941A90A}.Debug|x86.Build.0 = Debug|Win32
		{15EE7EF3-31F3-41A0-8495-091E4941A90A}.Release|x64.ActiveCfg = Release|x64
		{15EE7EF3-31F3-41A0-8495-091E4941A90A}.Release|x64.Build.0 = Release|x64
		{15EE7EF3-31F3-41A0-8495-091E4941A90A}.Release|x86.ActiveCfg = Release|Win32
		{15EE7EF3-31F3-41A0-8495-091E4941A90A}.Release|x86.Build.0 = Release|Win32
		{8927D29F-ACE7-4C46-A13A-B3E9AF2B9194}.Debug|x64.ActiveCfg = Debug|x64
		{8927D29F-ACE7-4C46-A13A-B3E9AF2B9194}.Debug|x64.Build.0 = Debug|x64
		{8927D29F-ACE7-4C46-A13A-B3E9AF2B9194}.Debug|x86.ActiveCfg = Debug|Win32
		{8927D29F-ACE7-4C46-A13A-B3E9AF2B9194}.Debug|x86.Build.0 = Debug|Win32
		{8927D29F-ACE7-4C46-A13A-B3E9AF2B9194}.Release|x64.ActiveCfg = Release|x64
		{8927D29F-ACE7-4C46-A13A-B3E9AF2B9194}.Release|x64.Build.0 = Release|x64
		{8927D29F-ACE7-4C46-A13A-B3E9AF2B9194}.Release|x86.ActiveCfg = Release|Win32
		{8927D29F-ACE7-4C46-A13A-B3E9AF2B9194}.Release|x86.Build.0 = Release|Win32
		{E073FCC9-5CC1-4C69-8968-DA137A36F503}.Debug|x64.ActiveCfg = Debug|x64
		{E073FCC9-5CC1-4C69-8968-DA137A36F503}.Debug|x64.Build.0 = Debug|x64
		{E073FCC9-5CC1-4C69-8968-DA137A36F503}.Debug|x86.ActiveCfg = Debug|Win32
		{E073FCC9-5CC1-4C69-8968-DA137A36F503}.Debug|x86.Build.0 = Debug|Win32
		{E073FCC9-5CC1-4C69-8968-DA137A36F503}.Release|x64.ActiveCfg = Release|x64
		{E073FCC9-5CC1-4C69-8968-DA137A36F503}.Release|x64.Build.0 = Release|x64
		{E073FCC9-5CC1-4C69-8968-DA137A36F503}.Release|x86.ActiveCfg = Release|Win32
		{E073FCC9-5CC1-4C69-8968-DA137A36F503}.Release|x86.Build.0 = Release|Win32
		{A14FAB21-442E-4837-85F2-7EAA0A4D8B94}.Debug|x64.ActiveCfg = Debug|x64
		{A14FAB21-442E-4837-85F2-7EAA0A4D8B94}.Debug|x64.Build.0 = Debug|x64
		{A14FAB21-442E-4837-85F2-7EAA0A4D8B94}.Debug|x86.ActiveCfg = Debug|Win32
		{A14FAB21-442E-4837-85F2-7EAA0A4D8B94}.Debug|x86.Build.0 = Debug|Win32
		{A14FAB21-442E-4837-85F2-7EAA0A4D8B94}.Release|x64.ActiveCfg = Release|x64
		{A14FAB21-442E-4837-85F2-7EAA0A4D8B94}.Release|x64.Build.0 = Release|x64
		{A14FAB21-442E-4837-85F2-7EAA0A4D8B94}.Release|x86.ActiveCfg = Release|Win32
		{A14FAB21-442E-4837-85F2-7EAA0A4D8B94}.Release|x86.Build.0 = Release|Win32
		{1F9FBFD5-87FA-4038-9661-8F1AEC092D05}.Debug|x64.ActiveCfg = Debug|x64
		{1F9FBFD5-87FA-4038-9661-8F1AEC092D05}.Debug|x64.Build.0 = Debug|x64
		{1F9FBFD5-87FA-4038-9661-8F1AEC092D05}.Debug|x86.ActiveCfg = Debug|Win32
		{1F9FBFD5-87FA-4038-9661-8F1AEC092D05}.Debug|x86.Build.0 = Debug|Win32
		{1F9FBFD5-87FA-4038-9661-8F1AEC092D05}.Release|x64.ActiveCfg = Release|x64
		{1F9FBFD5-87FA-4038-9661-8F1AEC092D05}.Release|x64.Build.0 = Release|x64
		{1F9FBFD5-87FA-4038-9661-8F1AEC092D05}.Release|x86.ActiveCfg = Release|Win32
		{1F9FBFD5-87FA-4038-9661-8F1AEC092D05}.Release|x86.Build.0 = Release|Win32
		{69F51C46-1D1D-40CB-A53E-D79E74EE86FB}.Debug|x64.ActiveCfg = Debug|x64
		{69F51C46-1D1D-40CB-A53E-D79E74EE86FB}.Debug|x64.Build.0 = Debug|x64
		{69F51C46-1D1D-40CB-A53E-D79E74EE86FB}.Debug|x86.ActiveCfg = Debug|Win32
		{69F51C46-1D1D-40CB-A53E-D79E74EE86FB}.Debug|x86.Build.0 = Debug|Win32
		{69F51C46-1D1D-40CB-A53E-D79E74EE86FB}.Release|x64.ActiveCfg = Release|x64
		{69F51C46-1D1D-40CB-A53E-D79E74EE86FB}.Release|x64.Build.0 = Release|x64
		{69F51C46-1D1D-40CB-A53E-D79E74EE86FB}.Release|x86.ActiveCfg = Release|Win32
		{69F51C46-1D1D-40CB-A53E-D79E74EE86FB}.Release|x86.Build.0 = Release|Win32
		{B789EB94-769E-42CE-A917-C4029E51DB3C}.Debug|x64.ActiveCfg = Debug|x64
		{B789EB94-769E-42CE-A917-C4029E51DB3C}.Debug|x64.Build.0 = Debug|x64
		{B789EB94-769E-42CE-A917-C4029E51DB3C}.Debug|x86.ActiveCfg = Debug|Win32
		{B789EB94-769E-42CE-A917-C4029E51DB3C}.Debug|x86.Build.0 = Debug|Win32
		{B789EB94-769E-42CE-A917-C4029E51DB3C}.Release|x64.ActiveCfg = Release|x64
		{B789EB94-769E-42CE-A917-C4029E51DB3C}.Release|x64.Build.0 = Release|x64
		{B789EB94-769E-42CE-A917-C4029E51DB3C}.Release|x86.ActiveCfg = Release|Win32
		{B789EB94-769E-42CE-A917-C4029E51DB3C}.Release|x86.Build.0 = Release|Win32
		{5EC6FC1C-AAE9-468F-BDAF-78FE49AF332D}.Debug|x64.ActiveCfg = Debug|x64
		{5EC6FC1C-AAE9-468F-BDAF-78FE49AF332D}.Debug|x64.Build.0 = Debug|x64
		{5EC6FC1C-AAE9-468F-BDAF-78FE49AF332D}.Debug|x86.ActiveCfg = Debug|Win32
		{5EC6FC1C-AAE9-468F-BDAF-78FE49AF332D}.Debug|x86.Build.0 = Debug|Win32
		{5EC6FC1C-AAE9-468F-BDAF-78FE49AF332D}.Release|x64.ActiveCfg = Release|x64
		{5EC6FC1C-AAE9-468F-BDAF-78FE49AF332D}.Release|x64.Build.0 = Release|x64
		{5EC6FC1C-AAE9-468F-BDAF-78FE49AF332D}.Release|x86.ActiveCfg = Release|Win32
		{5EC6FC1C-AAE9-468F-BDAF-78FE49AF332D}.Release|x86.Build.0 = Release|Win32
		{013A32A5-894D-4210-8F20-02E9815A1767}.Debug|x64.ActiveCfg = Debug|x64
		{013A32A5-894D-4210-8F20-02E9815A1767}.Debug|x64.Build.0 = Debug|x64
		{013A32A5-894D-4210-8F20-02E9815A1767}.Debug|x86.ActiveCfg = Debug|Win32
		{013A32A5-894D-4210-8F20-02E9815A1767}.Debug|x86.Build.0 = Debug|Win32
		{013A32A5-894D-4210-8F20-02E9815A1767}.Release|x64.ActiveCfg = Release|x64
		{013A32A5-894D-4210-8F20-02E9815A1767}.Release|x64.Build.0 = Release|x64
		{013A32A5-894D-4210-8F20-02E9815A1767}.Release|x86.ActiveCfg = Release|Win32
		{013A32A5-894D-4210-8F20-02E9815A1767}.Release|x86.Build.0 = Release|Win32
		{D0B03513-84C9-4BD2-90B8-8AD84FEDF1C0}.Debug|x64.ActiveCfg = Debug|x64
		{D0B03513-84C9-4BD2-90B8-8AD84FEDF1C0}.Debug|x64.Build.0 = Debug|x64
		{D0B03513-84C9-4BD2-90B8-8AD84FEDF1C0}.Debug|x86.ActiveCfg = Debug|Win32
		{D0B03513-84C9-4BD2-90B8-8AD84FEDF1C0}.Debug|x86.Build.0 = Debug|Win32
		{D0B03513-84C9-4BD2-90B8-8AD84FEDF1C0}.Release|x64.ActiveCfg = Release|x64
		{D0B03513-84C9-4BD2-90B8-8AD84FEDF1C0}.Release|x64.Build.0 = Release|x64
		{D0B03513-84C9-4BD2-90B8-8AD84FEDF1C0}.Release|x86.ActiveCfg = Release|Win32
		{D0B03513-84C9-4BD2-90B8-8AD84FEDF1C0}.Release|x86.Build.0 = Release|Win32
		{020A65F3-FAEF-427E-B91C-E6B22B4D07BE}.Debug|x64.ActiveCfg = Debug|x64
		{020A65F3-FAEF-427E-B91C-E6B22B4D07BE}.Debug|x64.Build.0 = Debug|x64
		{020A65F3-FAEF-427E-B91C-E6B22B4D07BE}.Debug|x86.ActiveCfg = Debug|Win32
		{020A65F3-FAEF-427E-B91C-E6B22B4D07BE}.Debug|x86.Build.0 = Debug|Win32
		{020A65F3-FAEF-427E-B91C-E6B22B4D07BE}.Release|x64.ActiveCfg = Release|x64
		{020A65F3-FAEF-427E-B91C-E6B22B4D07BE}.Release|x64.Build.0 = Release|x64
		{020A65F3-FAEF-427E-B91C-E6B22B4D07BE}.Release|x86.ActiveCfg = Release|Win32
		{020A65F3-FAEF-427E-B91C-E6B22B4D07BE}.Release|x86.Build.0 = Release|Win32
		{B11A890A-DC8B-4533-AA4A-ED6D4B5279F5}.Debug|x64.ActiveCfg = Debug|x64
		{B11A890A-DC8B-4533-AA4A-ED6D4B5279F5}.Debug|x64.Build.0 = Debug|x64
		{B11A890A-DC8B-4533-AA4A-ED6D4B5279F5}.Debug|x86.ActiveCfg = Debug|Win32
		{B11A890A-DC8B-4533-AA4A-ED6D4B5279F5}.Debug|x86.Build.0 = Debug|Win32
		{B11A890A-DC8B-4533-AA4A-ED6D4B5279F5}.Release|x64.ActiveCfg = Release|x64
		{B11A890A-DC8B-4533-AA4A-ED6D4B5279F5}.Release|x64.Build.0 = Release|x64
		{B11A890A-DC8B-4533-AA4A-ED6D4B5279F5}.Release|x86.ActiveCfg = Release|Win32
		{B11A890A-DC8B-4533-AA4A-ED6D4B5279F5}.Release|x86.Build.0 = Release|Win32
	EndGlobalSection
	GlobalSection(SolutionProperties) = preSolution
		HideSolutionNode = FALSE
	EndGlobalSection
	GlobalSection(NestedProjects) = preSolution
		{CB08ACC4-A69B-4762-A2A7-748798D96FC7} = {08C0CC95-0D14-472C-8762-C765425E488B}
		{15EE7EF3-31F3-41A0-8495-091E4941A90A} = {08C0CC95-0D14-472C-8762-C765425E488B}
		{8927D29F-ACE7-4C46-A13A-B3E9AF2B9194} = {08C0CC95-0D14-472C-8762-C765425E488B}
		{E073FCC9-5CC1-4C69-8968-DA137A36F503} = {08C0CC95-0D14-472C-8762-C765425E488B}
		{A14FAB21-442E-4837-85F2-7EAA0A4D8B94} = {08C0CC95-0D14-472C-8762-C765425E488B}
		{1F9FBFD5-87FA-4038-9661-8F1AEC092D05} = {08C0CC95-0D14-472C-8762-C765425E488B}
		{69F51C46-1D1D-40CB-A53E-D79E74EE86FB} = {08C0CC95-0D14-472C-8762-C765425E488B}
		{B789EB94-769E-42CE-A917-C4029E51DB3C} = {08C0CC95-0D14-472C-8762-C765425E488B}
		{5EC6FC1C-AAE9-468F-BDAF-78FE49AF332D} = {08C0CC95-0D14-472C-8762-C765425E488B}
		{013A32A5-894D-4210-8F20-02E9815A1767} = {08C0CC95-0D14-472C-8762-C765425E488B}
		{D0B03513-84C9-4BD2-90B8-8AD84FEDF1C0} = {08C0CC95-0D14-472C-8762-C765425E488B}
		{020A65F3-FAEF-427E-B91C-E6B22B4D07BE} = {08C0CC95-0D14-472C-8762-C765425E488B}
	EndGlobalSection
	GlobalSection(ExtensibilityGlobals) = postSolution
		SolutionGuid = {A337924A-7F69-4150-97D3-138407B70065}
	EndGlobalSection
EndGlobal
